
Microsoft Visual Studio Solution File, Format Version 12.00
# Visual Studio Version 17
VisualStudioVersion = 17.5.33530.505
MinimumVisualStudioVersion = 10.0.40219.1
Project("{FAE04EC0-301F-11D3-BF4B-00C04F79EFBC}") = "CoreComputerDevDualEthernet_Demo", "CoreComputerDevDualEthernet_Demo\CoreComputerDevDualEthernet_Demo.csproj", "{2AB3AEB3-35D4-44B6-AFD0-C2368B28E21E}"
EndProject
Global
	GlobalSection(SolutionConfigurationPlatforms) = preSolution
		Debug|Any CPU = Debug|Any CPU
		Release|Any CPU = Release|Any CPU
	EndGlobalSection
	GlobalSection(ProjectConfigurationPlatforms) = postSolution
		{2AB3AEB3-35D4-44B6-AFD0-C2368B28E21E}.Debug|Any CPU.ActiveCfg = Debug|Any CPU
		{2AB3AEB3-35D4-44B6-AFD0-C2368B28E21E}.Debug|Any CPU.Build.0 = Debug|Any CPU
		{2AB3AEB3-35D4-44B6-AFD0-C2368B28E21E}.Debug|Any CPU.Deploy.0 = Debug|Any CPU
		{2AB3AEB3-35D4-44B6-AFD0-C2368B28E21E}.Release|Any CPU.ActiveCfg = Release|Any CPU
		{2AB3AEB3-35D4-44B6-AFD0-C2368B28E21E}.Release|Any CPU.Build.0 = Release|Any CPU
		{2AB3AEB3-35D4-44B6-AFD0-C2368B28E21E}.Release|Any CPU.Deploy.0 = Release|Any CPU
	EndGlobalSection
	GlobalSection(SolutionProperties) = preSolution
		HideSolutionNode = FALSE
	EndGlobalSection
	GlobalSection(ExtensibilityGlobals) = postSolution
		SolutionGuid = {D5D84B20-087B-41E8-9146-2BA5FC1AA469}
	EndGlobalSection
EndGlobal
